# IF THERE'S A GIT CONFLICT IN THIS FILE, DON'T SOLVE IT MANUALLY!
# INSTEAD EXECUTE `prisma lift fix`
# lift lockfile v1
# Read more about conflict resolution here: TODO

20191029034950-add-headphone
20191029143053-headphones-and-reviews
20191029193118-update-headphones
20191029212414-make-company-name-unique
20191029235222-make-headphone-review-name-unique
20191031014239-extend-headphone-review-criteria